
Microsoft Visual Studio Solution File, Format Version 12.00
# Visual Studio Version 16
VisualStudioVersion = 16.0.31229.75
MinimumVisualStudioVersion = 10.0.40219.1
Project("{FAE04EC0-301F-11D3-BF4B-00C04F79EFBC}") = "DataStructureProj", "DataStructureProj\DataStructureProj.csproj", "{4016FC39-A59D-464B-A094-D29C734C4FAA}"
EndProject
Project("{9A19103F-16F7-4668-BE54-9A1E7A4F7556}") = "DataStructureCore", "DataStructureCore\DataStructureCore.csproj", "{D61DCFB2-B701-47EC-AFC7-3FAA43B527FD}"
EndProject
Global
	GlobalSection(SolutionConfigurationPlatforms) = preSolution
		Debug|Any CPU = Debug|Any CPU
		Release|Any CPU = Release|Any CPU
	EndGlobalSection
	GlobalSection(ProjectConfigurationPlatforms) = postSolution
		{4016FC39-A59D-464B-A094-D29C734C4FAA}.Debug|Any CPU.ActiveCfg = Debug|Any CPU
		{4016FC39-A59D-464B-A094-D29C734C4FAA}.Debug|Any CPU.Build.0 = Debug|Any CPU
		{4016FC39-A59D-464B-A094-D29C734C4FAA}.Release|Any CPU.ActiveCfg = Release|Any CPU
		{4016FC39-A59D-464B-A094-D29C734C4FAA}.Release|Any CPU.Build.0 = Release|Any CPU
		{D61DCFB2-B701-47EC-AFC7-3FAA43B527FD}.Debug|Any CPU.ActiveCfg = Debug|Any CPU
		{D61DCFB2-B701-47EC-AFC7-3FAA43B527FD}.Debug|Any CPU.Build.0 = Debug|Any CPU
		{D61DCFB2-B701-47EC-AFC7-3FAA43B527FD}.Release|Any CPU.ActiveCfg = Release|Any CPU
		{D61DCFB2-B701-47EC-AFC7-3FAA43B527FD}.Release|Any CPU.Build.0 = Release|Any CPU
	EndGlobalSection
	GlobalSection(SolutionProperties) = preSolution
		HideSolutionNode = FALSE
	EndGlobalSection
	GlobalSection(ExtensibilityGlobals) = postSolution
		SolutionGuid = {1C2CC1CE-679A-41D2-850F-743831A08812}
	EndGlobalSection
EndGlobal
